<?xml version="1.0" encoding="utf-8"?>
<Project ToolsVersion="4.0" xmlns="http://schemas.microsoft.com/developer/msbuild/2003">
  <ItemGroup>
    <Filter Include="Source Files">
      <UniqueIdentifier>{4FC737F1-C7A5-4376-A066-2A32D752A2FF}</UniqueIdentifier>
      <Extensions>cpp;c;cc;cxx;def;odl;idl;hpj;bat;asm;asmx</Extensions>
    </Filter>
    <Filter Include="Header Files">
      <UniqueIdentifier>{93995380-89BD-4b04-88EB-625FBE52EBFB}</UniqueIdentifier>
      <Extensions>h;hpp;hxx;hm;inl;inc;xsd</Extensions>
    </Filter>
    <Filter Include="Resource Files">
      <UniqueIdentifier>{67DA6AB6-F800-4c08-8B7A-83BB121AAD01}</UniqueIdentifier>
      <Extensions>rc;ico;cur;bmp;dlg;rc2;rct;bin;rgs;gif;jpg;jpeg;jpe;resx;tiff;tif;png;wav</Extensions>
    </Filter>
  </ItemGroup>
  <ItemGroup>
    <ClCompile Include="alc_channel.c">
      <Filter>Source Files</Filter>
    </ClCompile>
    <ClCompile Include="alc_hdr.c">
      <Filter>Source Files</Filter>
    </ClCompile>
    <ClCompile Include="alc_list.c">
      <Filter>Source Files</Filter>
    </ClCompile>
    <ClCompile Include="alc_rx.c">
      <Filter>Source Files</Filter>
    </ClCompile>
    <ClCompile Include="alc_session.c">
      <Filter>Source Files</Filter>
    </ClCompile>
    <ClCompile Include="alc_socket.c">
      <Filter>Source Files</Filter>
    </ClCompile>
    <ClCompile Include="alc_tx.c">
      <Filter>Source Files</Filter>
    </ClCompile>
    <ClCompile Include="blocking_alg.c">
      <Filter>Source Files</Filter>
    </ClCompile>
    <ClCompile Include="fec.c">
      <Filter>Source Files</Filter>
    </ClCompile>
    <ClCompile Include="lct_hdr.c">
      <Filter>Source Files</Filter>
    </ClCompile>
    <ClCompile Include="mad.c">
      <Filter>Source Files</Filter>
    </ClCompile>
    <ClCompile Include="mad_rlc.c">
      <Filter>Source Files</Filter>
    </ClCompile>
    <ClCompile Include="null_fec.c">
      <Filter>Source Files</Filter>
    </ClCompile>
    <ClCompile Include="rs_fec.c">
      <Filter>Source Files</Filter>
    </ClCompile>
    <ClCompile Include="transport.c">
      <Filter>Source Files</Filter>
    </ClCompile>
    <ClCompile Include="xor_fec.c">
      <Filter>Source Files</Filter>
    </ClCompile>
  </ItemGroup>
  <ItemGroup>
    <ClInclude Include="alc_channel.h">
      <Filter>Header Files</Filter>
    </ClInclude>
    <ClInclude Include="alc_hdr.h">
      <Filter>Header Files</Filter>
    </ClInclude>
    <ClInclude Include="alc_list.h">
      <Filter>Header Files</Filter>
    </ClInclude>
    <ClInclude Include="alc_rx.h">
      <Filter>Header Files</Filter>
    </ClInclude>
    <ClInclude Include="alc_session.h">
      <Filter>Header Files</Filter>
    </ClInclude>
    <ClInclude Include="alc_socket.h">
      <Filter>Header Files</Filter>
    </ClInclude>
    <ClInclude Include="alc_tx.h">
      <Filter>Header Files</Filter>
    </ClInclude>
    <ClInclude Include="blocking_alg.h">
      <Filter>Header Files</Filter>
    </ClInclude>
    <ClInclude Include="defines.h">
      <Filter>Header Files</Filter>
    </ClInclude>
    <ClInclude Include="fec.h">
      <Filter>Header Files</Filter>
    </ClInclude>
    <ClInclude Include="lct_hdr.h">
      <Filter>Header Files</Filter>
    </ClInclude>
    <ClInclude Include="linux_ssm.h">
      <Filter>Header Files</Filter>
    </ClInclude>
    <ClInclude Include="mad.h">
      <Filter>Header Files</Filter>
    </ClInclude>
    <ClInclude Include="mad_rlc.h">
      <Filter>Header Files</Filter>
    </ClInclude>
    <ClInclude Include="null_fec.h">
      <Filter>Header Files</Filter>
    </ClInclude>
    <ClInclude Include="rs_fec.h">
      <Filter>Header Files</Filter>
    </ClInclude>
    <ClInclude Include="transport.h">
      <Filter>Header Files</Filter>
    </ClInclude>
    <ClInclude Include="utils.h">
      <Filter>Header Files</Filter>
    </ClInclude>
    <ClInclude Include="xor_fec.h">
      <Filter>Header Files</Filter>
    </ClInclude>
  </ItemGroup>
  <ItemGroup>
    <None Include="packages.config" />
  </ItemGroup>
</Project>